
Microsoft Visual Studio Solution File, Format Version 12.00
# Visual Studio Version 17
VisualStudioVersion = 17.1.32210.238
MinimumVisualStudioVersion = 10.0.40219.1
Project("{13B669BE-BB05-4DDF-9536-439F39A36129}") = "PHPWebProject5", "PHPWebProject5.phpproj", "{CDA182E3-B485-4D83-B92E-572596BEB396}"
EndProject
Global
	GlobalSection(SolutionConfigurationPlatforms) = preSolution
		Debug|Any CPU = Debug|Any CPU
		Release|Any CPU = Release|Any CPU
	EndGlobalSection
	GlobalSection(ProjectConfigurationPlatforms) = postSolution
		{CDA182E3-B485-4D83-B92E-572596BEB396}.Debug|Any CPU.ActiveCfg = Debug|Any CPU
		{CDA182E3-B485-4D83-B92E-572596BEB396}.Debug|Any CPU.Build.0 = Debug|Any CPU
		{CDA182E3-B485-4D83-B92E-572596BEB396}.Release|Any CPU.ActiveCfg = Release|Any CPU
		{CDA182E3-B485-4D83-B92E-572596BEB396}.Release|Any CPU.Build.0 = Release|Any CPU
	EndGlobalSection
	GlobalSection(SolutionProperties) = preSolution
		HideSolutionNode = FALSE
	EndGlobalSection
	GlobalSection(ExtensibilityGlobals) = postSolution
		SolutionGuid = {A713F21D-836D-4A41-9C03-33DEDC0ECD05}
	EndGlobalSection
EndGlobal
